{
  "nodes": {
    "base16": {
      "inputs": {
        "nixpkgs": [
          "unstable"
        ]
      },
      "locked": {
        "lastModified": 1643595475,
        "narHash": "sha256-jWCp0r5BC7U3rKy7RmL6YPhtUrQmfsZoFH5+xb+wDZ8=",
        "owner": "shaunsingh",
        "repo": "base16.nix",
        "rev": "3d21c5c21cc2de27b0f29d6d5aa2693505508d9e",
        "type": "github"
      },
      "original": {
        "owner": "shaunsingh",
        "repo": "base16.nix",
        "type": "github"
      }
    },
    "base16-carbon-dark": {
      "flake": false,
      "locked": {
        "lastModified": 1643512739,
        "narHash": "sha256-a2rUJOAKNvTj/0ZxlImjlssDmNlRlBKQUGxGxRVnt98=",
        "owner": "shaunsingh",
        "repo": "base16-carbon-dark",
        "rev": "37e7230169abbcd6cf2f53b0d6b1840f2c95cb08",
        "type": "github"
      },
      "original": {
        "owner": "shaunsingh",
        "repo": "base16-carbon-dark",
        "type": "github"
      }
    },
    "cachix": {
      "locked": {
        "lastModified": 1642244250,
        "narHash": "sha256-vWpUEqQdVP4srj+/YLJRTN9vjpTs4je0cdWKXPbDItc=",
        "owner": "nixos",
        "repo": "nixpkgs",
        "rev": "0fd9ee1aa36ce865ad273f4f07fdc093adeb5c00",
        "type": "github"
      },
      "original": {
        "owner": "nixos",
        "ref": "nixos-21.05",
        "repo": "nixpkgs",
        "type": "github"
      }
    },
    "darwin": {
      "inputs": {
        "nixpkgs": [
          "unstable"
        ]
      },
      "locked": {
        "lastModified": 1645007752,
        "narHash": "sha256-FQZMiVP/1vgR7x+TWonMf0NZczrZ4ZjhSTj3rM+kglY=",
        "owner": "LnL7",
        "repo": "nix-darwin",
        "rev": "c944b5ee82a829ddf7fa6bd9300bc2fe3d005fa1",
        "type": "github"
      },
      "original": {
        "owner": "LnL7",
        "repo": "nix-darwin",
        "type": "github"
      }
    },
    "doom-emacs": {
      "flake": false,
      "locked": {
        "lastModified": 1645129059,
        "narHash": "sha256-ARevYDIHNin0srNHyVFbxvD11NMTBWRBdW28xyGCJfg=",
        "owner": "hlissner",
        "repo": "doom-emacs",
        "rev": "89deac190de140a65a357fd4632de125f2d188d4",
        "type": "github"
      },
      "original": {
        "owner": "hlissner",
        "repo": "doom-emacs",
        "type": "github"
      }
    },
    "emacs-overlay": {
      "locked": {
        "lastModified": 1645153321,
        "narHash": "sha256-Zks/SqGq/nyR2FBc5ErXHecAt/va5X4ft6dSnRNw1Hg=",
        "owner": "nix-community",
        "repo": "emacs-overlay",
        "rev": "ba0e667840fabccfac038e2150c302f0d1e98fe1",
        "type": "github"
      },
      "original": {
        "owner": "nix-community",
        "repo": "emacs-overlay",
        "type": "github"
      }
    },
    "emacs-src": {
      "flake": false,
      "locked": {
        "lastModified": 1645170625,
        "narHash": "sha256-CecCgFqoNyVVbHLAbYuZkIHDkEBf+pVagfP2trCzzmQ=",
        "owner": "emacs-mirror",
        "repo": "emacs",
        "rev": "ef1dfd2261f717136896b73dc96e7c3fbd72c14d",
        "type": "github"
      },
      "original": {
        "owner": "emacs-mirror",
        "repo": "emacs",
        "type": "github"
      }
    },
    "emacs-vterm-src": {
      "flake": false,
      "locked": {
        "lastModified": 1640506671,
        "narHash": "sha256-uSzIDmRNk7u5VtCXYu+JVN7Gzkc65axCiK0Jq0X6MWQ=",
        "owner": "akermu",
        "repo": "emacs-libvterm",
        "rev": "a940dd2ee8a82684860e320c0f6d5e15d31d916f",
        "type": "github"
      },
      "original": {
        "owner": "akermu",
        "repo": "emacs-libvterm",
        "type": "github"
      }
    },
    "flake-compat": {
      "flake": false,
      "locked": {
        "lastModified": 1641205782,
        "narHash": "sha256-4jY7RCWUoZ9cKD8co0/4tFARpWB+57+r1bLLvXNJliY=",
        "owner": "edolstra",
        "repo": "flake-compat",
        "rev": "b7547d3eed6f32d06102ead8991ec52ab0a4f1a7",
        "type": "github"
      },
      "original": {
        "owner": "edolstra",
        "repo": "flake-compat",
        "type": "github"
      }
    },
    "flake-utils": {
      "locked": {
        "lastModified": 1629481132,
        "narHash": "sha256-JHgasjPR0/J1J3DRm4KxM4zTyAj4IOJY8vIl75v/kPI=",
        "owner": "numtide",
        "repo": "flake-utils",
        "rev": "997f7efcb746a9c140ce1f13c72263189225f482",
        "type": "github"
      },
      "original": {
        "owner": "numtide",
        "repo": "flake-utils",
        "type": "github"
      }
    },
    "home-manager": {
      "inputs": {
        "nixpkgs": [
          "unstable"
        ]
      },
      "locked": {
        "lastModified": 1645140957,
        "narHash": "sha256-WTJzLSCDLBI537o2L/3kRyqEV5YRT7+1QSGryeKReHE=",
        "owner": "nix-community",
        "repo": "home-manager",
        "rev": "4f4165a8b9108818ab0193bbd1a252106870b2a2",
        "type": "github"
      },
      "original": {
        "owner": "nix-community",
        "repo": "home-manager",
        "type": "github"
      }
    },
    "neovim-flake": {
      "inputs": {
        "flake-utils": "flake-utils",
        "nixpkgs": [
          "nixpkgs"
        ]
      },
      "locked": {
        "dir": "contrib",
        "lastModified": 1645051995,
        "narHash": "sha256-zd9lA3DRKR8jsRCeiWOiOR7AMbSCdo55d21xPgzsPv4=",
        "owner": "neovim",
        "repo": "neovim",
        "rev": "3230b314862e50899d68b3944134cbffaa797cde",
        "type": "github"
      },
      "original": {
        "dir": "contrib",
        "owner": "neovim",
        "repo": "neovim",
        "type": "github"
      }
    },
    "neovim-overlay": {
      "inputs": {
        "flake-compat": "flake-compat",
        "neovim-flake": "neovim-flake",
        "nixpkgs": [
          "unstable"
        ]
      },
      "locked": {
        "lastModified": 1645085596,
        "narHash": "sha256-bWLqpkmCKVegohq1Od2FtK2M5OpyQyj5ueZDpW3H48g=",
        "owner": "nix-community",
        "repo": "neovim-nightly-overlay",
        "rev": "f78dedc606954d3e071fc0ab6b5775e2599e7a19",
        "type": "github"
      },
      "original": {
        "owner": "nix-community",
        "repo": "neovim-nightly-overlay",
        "type": "github"
      }
    },
    "nixos-hardware": {
      "locked": {
        "lastModified": 1644870092,
        "narHash": "sha256-RLPD92lqXW98LDIbbwYqwAbt3R4iD1V1PiylfgBq5cU=",
        "owner": "NixOS",
        "repo": "nixos-hardware",
        "rev": "10eab1c4cd8e715c0b41d32c28af2b89fc67bed0",
        "type": "github"
      },
      "original": {
        "owner": "NixOS",
        "ref": "master",
        "repo": "nixos-hardware",
        "type": "github"
      }
    },
    "nixpkgs": {
      "locked": {
        "lastModified": 1644972330,
        "narHash": "sha256-6V2JFpTUzB9G+KcqtUR1yl7f6rd9495YrFECslEmbGw=",
        "owner": "NixOS",
        "repo": "nixpkgs",
        "rev": "19574af0af3ffaf7c9e359744ed32556f34536bd",
        "type": "github"
      },
      "original": {
        "id": "nixpkgs",
        "type": "indirect"
      }
    },
    "nixpkgs-wayland": {
      "inputs": {
        "cachix": "cachix",
        "nixpkgs": [
          "unstable"
        ]
      },
      "locked": {
        "lastModified": 1645170623,
        "narHash": "sha256-I2qtIWCDdKQ70ApkIq6CDRaf4EJZY8RKmaKplLWI7A4=",
        "owner": "nix-community",
        "repo": "nixpkgs-wayland",
        "rev": "92aa2a329dc07c15322e5f6972767788f59596bd",
        "type": "github"
      },
      "original": {
        "owner": "nix-community",
        "repo": "nixpkgs-wayland",
        "type": "github"
      }
    },
    "nur": {
      "locked": {
        "lastModified": 1645157295,
        "narHash": "sha256-sN058zhmAx/cmiYQxSwQQCXRnXvt357+7pwr5AvsS1Y=",
        "owner": "nix-community",
        "repo": "NUR",
        "rev": "2049735c6931256542b82efcaf2d99a917c87edf",
        "type": "github"
      },
      "original": {
        "owner": "nix-community",
        "repo": "NUR",
        "type": "github"
      }
    },
    "root": {
      "inputs": {
        "base16": "base16",
        "base16-carbon-dark": "base16-carbon-dark",
        "darwin": "darwin",
        "doom-emacs": "doom-emacs",
        "emacs-overlay": "emacs-overlay",
        "emacs-src": "emacs-src",
        "emacs-vterm-src": "emacs-vterm-src",
        "home-manager": "home-manager",
        "neovim-overlay": "neovim-overlay",
        "nixos-hardware": "nixos-hardware",
        "nixpkgs": "nixpkgs",
        "nixpkgs-wayland": "nixpkgs-wayland",
        "nur": "nur",
        "spacebar": "spacebar",
        "sway-borders-src": "sway-borders-src",
        "unstable": "unstable",
        "yabai-src": "yabai-src"
      }
    },
    "spacebar": {
      "inputs": {
        "nixpkgs": [
          "unstable"
        ]
      },
      "locked": {
        "lastModified": 1639952514,
        "narHash": "sha256-/uJiVl9oQwrquXG1EePV/FmNhs4o3mOAGhrcSPEbdKE=",
        "owner": "shaunsingh",
        "repo": "spacebar",
        "rev": "fae55fce78f6130bf4d766eae09ae838447c60b4",
        "type": "github"
      },
      "original": {
        "owner": "shaunsingh",
        "repo": "spacebar",
        "type": "github"
      }
    },
    "sway-borders-src": {
      "flake": false,
      "locked": {
        "lastModified": 1643921366,
        "narHash": "sha256-ZS8QXoQ1NDpQd6MyXWgJzPZruhJUvKB+xD4otuWoD6M=",
        "owner": "fluix-dev",
        "repo": "sway-borders",
        "rev": "a137ee487f246568f6e67d5799b27abdaa5dca4e",
        "type": "github"
      },
      "original": {
        "owner": "fluix-dev",
        "repo": "sway-borders",
        "type": "github"
      }
    },
    "unstable": {
      "locked": {
        "lastModified": 1645171278,
        "narHash": "sha256-MM3Oxn2cYU7o7EVsEulx1GDXsPmTsg8EP40OINsxOyQ=",
        "owner": "nixos",
        "repo": "nixpkgs",
        "rev": "6d5bbc70068b815d855573190f0ed4e6ce83639e",
        "type": "github"
      },
      "original": {
        "owner": "nixos",
        "ref": "master",
        "repo": "nixpkgs",
        "type": "github"
      }
    },
    "yabai-src": {
      "flake": false,
      "locked": {
        "lastModified": 1643568897,
        "narHash": "sha256-RFEuVIMP9+HXnkSPRobCATzg9fsu48zoAFq7AqodLaQ=",
        "owner": "koekeishiya",
        "repo": "yabai",
        "rev": "916d9133f9d13fb38678baa3d0adf3cfb9dff003",
        "type": "github"
      },
      "original": {
        "owner": "koekeishiya",
        "repo": "yabai",
        "type": "github"
      }
    }
  },
  "root": "root",
  "version": 7
}
